
Microsoft Visual Studio Solution File, Format Version 12.00
# Visual Studio Version 17
VisualStudioVersion = 17.5.002.0
MinimumVisualStudioVersion = 10.0.40219.1
Project("{9A19103F-16F7-4668-BE54-9A1E7A4F7556}") = "TestesUnitariosConsole", "TestesUnitariosConsole.csproj", "{D5E7F4D6-6D88-4733-A9BE-C1E240AF74F3}"
EndProject
Global
	GlobalSection(SolutionConfigurationPlatforms) = preSolution
		Debug|Any CPU = Debug|Any CPU
		Release|Any CPU = Release|Any CPU
	EndGlobalSection
	GlobalSection(ProjectConfigurationPlatforms) = postSolution
		{D5E7F4D6-6D88-4733-A9BE-C1E240AF74F3}.Debug|Any CPU.ActiveCfg = Debug|Any CPU
		{D5E7F4D6-6D88-4733-A9BE-C1E240AF74F3}.Debug|Any CPU.Build.0 = Debug|Any CPU
		{D5E7F4D6-6D88-4733-A9BE-C1E240AF74F3}.Release|Any CPU.ActiveCfg = Release|Any CPU
		{D5E7F4D6-6D88-4733-A9BE-C1E240AF74F3}.Release|Any CPU.Build.0 = Release|Any CPU
	EndGlobalSection
	GlobalSection(SolutionProperties) = preSolution
		HideSolutionNode = FALSE
	EndGlobalSection
	GlobalSection(ExtensibilityGlobals) = postSolution
		SolutionGuid = {49101DF4-8872-4040-85C5-B8EE84EA8593}
	EndGlobalSection
EndGlobal
